
Microsoft Visual Studio Solution File, Format Version 12.00
# Visual Studio Version 17
VisualStudioVersion = 17.0.31423.177
MinimumVisualStudioVersion = 10.0.40219.1
Project("{FAE04EC0-301F-11D3-BF4B-00C04F79EFBC}") = "GhisTrader", "src\GhisTrader\GhisTrader.csproj", "{FF319A7A-DC37-4A77-B230-4FEB25A45413}"
EndProject
Project("{FAE04EC0-301F-11D3-BF4B-00C04F79EFBC}") = "GhisTrader.Domain", "src\GhisTrader.Domain\GhisTrader.Domain.csproj", "{29BD2F52-A5AF-4813-B4F7-09CD26D34A61}"
EndProject
Project("{FAE04EC0-301F-11D3-BF4B-00C04F79EFBC}") = "GhisTrader.EntityFramework", "src\GhisTrader.EntityFramework\GhisTrader.EntityFramework.csproj", "{04B04682-3EBC-4522-BB70-00C3A8F88C2A}"
EndProject
Project("{FAE04EC0-301F-11D3-BF4B-00C04F79EFBC}") = "GhisTrader.FinancialDomainAPI", "src\GhisTrader.FinancialDomainAPI\GhisTrader.FinancialDomainAPI.csproj", "{8D31146B-9785-49D7-B35A-434B9EF75C04}"
EndProject
Project("{FAE04EC0-301F-11D3-BF4B-00C04F79EFBC}") = "GhisTrader.Domain.Tests", "tests\GhisTrader.Domain.Tests\GhisTrader.Domain.Tests.csproj", "{DEDFA83D-9793-423C-B11C-FDCC81C4F84E}"
EndProject
Global
	GlobalSection(SolutionConfigurationPlatforms) = preSolution
		Debug|Any CPU = Debug|Any CPU
		Release|Any CPU = Release|Any CPU
	EndGlobalSection
	GlobalSection(ProjectConfigurationPlatforms) = postSolution
		{FF319A7A-DC37-4A77-B230-4FEB25A45413}.Debug|Any CPU.ActiveCfg = Debug|Any CPU
		{FF319A7A-DC37-4A77-B230-4FEB25A45413}.Debug|Any CPU.Build.0 = Debug|Any CPU
		{FF319A7A-DC37-4A77-B230-4FEB25A45413}.Release|Any CPU.ActiveCfg = Release|Any CPU
		{FF319A7A-DC37-4A77-B230-4FEB25A45413}.Release|Any CPU.Build.0 = Release|Any CPU
		{29BD2F52-A5AF-4813-B4F7-09CD26D34A61}.Debug|Any CPU.ActiveCfg = Debug|Any CPU
		{29BD2F52-A5AF-4813-B4F7-09CD26D34A61}.Debug|Any CPU.Build.0 = Debug|Any CPU
		{29BD2F52-A5AF-4813-B4F7-09CD26D34A61}.Release|Any CPU.ActiveCfg = Release|Any CPU
		{29BD2F52-A5AF-4813-B4F7-09CD26D34A61}.Release|Any CPU.Build.0 = Release|Any CPU
		{04B04682-3EBC-4522-BB70-00C3A8F88C2A}.Debug|Any CPU.ActiveCfg = Debug|Any CPU
		{04B04682-3EBC-4522-BB70-00C3A8F88C2A}.Debug|Any CPU.Build.0 = Debug|Any CPU
		{04B04682-3EBC-4522-BB70-00C3A8F88C2A}.Release|Any CPU.ActiveCfg = Release|Any CPU
		{04B04682-3EBC-4522-BB70-00C3A8F88C2A}.Release|Any CPU.Build.0 = Release|Any CPU
		{8D31146B-9785-49D7-B35A-434B9EF75C04}.Debug|Any CPU.ActiveCfg = Debug|Any CPU
		{8D31146B-9785-49D7-B35A-434B9EF75C04}.Debug|Any CPU.Build.0 = Debug|Any CPU
		{8D31146B-9785-49D7-B35A-434B9EF75C04}.Release|Any CPU.ActiveCfg = Release|Any CPU
		{8D31146B-9785-49D7-B35A-434B9EF75C04}.Release|Any CPU.Build.0 = Release|Any CPU
		{DEDFA83D-9793-423C-B11C-FDCC81C4F84E}.Debug|Any CPU.ActiveCfg = Debug|Any CPU
		{DEDFA83D-9793-423C-B11C-FDCC81C4F84E}.Debug|Any CPU.Build.0 = Debug|Any CPU
		{DEDFA83D-9793-423C-B11C-FDCC81C4F84E}.Release|Any CPU.ActiveCfg = Release|Any CPU
		{DEDFA83D-9793-423C-B11C-FDCC81C4F84E}.Release|Any CPU.Build.0 = Release|Any CPU
	EndGlobalSection
	GlobalSection(SolutionProperties) = preSolution
		HideSolutionNode = FALSE
	EndGlobalSection
	GlobalSection(ExtensibilityGlobals) = postSolution
		SolutionGuid = {42D9B723-A5FD-453D-B056-9B2XFD43B30A}
	EndGlobalSection
EndGlobal
